
Microsoft Visual Studio Solution File, Format Version 12.00
# Visual Studio Version 16
VisualStudioVersion = 16.0.30804.86
MinimumVisualStudioVersion = 10.0.40219.1
Project("{8BC9CEB8-8B4A-11D0-8D11-00A0C91BC942}") = "lab7V", "lab7V\lab7V.vcxproj", "{B6F99C0C-C384-44BF-88FB-D790C0AD1A3C}"
EndProject
Global
	GlobalSection(SolutionConfigurationPlatforms) = preSolution
		Debug|x64 = Debug|x64
		Debug|x86 = Debug|x86
		Release|x64 = Release|x64
		Release|x86 = Release|x86
	EndGlobalSection
	GlobalSection(ProjectConfigurationPlatforms) = postSolution
		{B6F99C0C-C384-44BF-88FB-D790C0AD1A3C}.Debug|x64.ActiveCfg = Debug|x64
		{B6F99C0C-C384-44BF-88FB-D790C0AD1A3C}.Debug|x64.Build.0 = Debug|x64
		{B6F99C0C-C384-44BF-88FB-D790C0AD1A3C}.Debug|x86.ActiveCfg = Debug|Win32
		{B6F99C0C-C384-44BF-88FB-D790C0AD1A3C}.Debug|x86.Build.0 = Debug|Win32
		{B6F99C0C-C384-44BF-88FB-D790C0AD1A3C}.Release|x64.ActiveCfg = Release|x64
		{B6F99C0C-C384-44BF-88FB-D790C0AD1A3C}.Release|x64.Build.0 = Release|x64
		{B6F99C0C-C384-44BF-88FB-D790C0AD1A3C}.Release|x86.ActiveCfg = Release|Win32
		{B6F99C0C-C384-44BF-88FB-D790C0AD1A3C}.Release|x86.Build.0 = Release|Win32
	EndGlobalSection
	GlobalSection(SolutionProperties) = preSolution
		HideSolutionNode = FALSE
	EndGlobalSection
	GlobalSection(ExtensibilityGlobals) = postSolution
		SolutionGuid = {2AAEBE54-CC45-4287-B5A0-281B31234041}
	EndGlobalSection
EndGlobal
